{
  "nodes": {
    "fenix-flake": {
      "inputs": {
        "nixpkgs": [
          "nixpkgs"
        ],
        "rust-analyzer-src": "rust-analyzer-src"
      },
      "locked": {
        "lastModified": 1672986218,
        "narHash": "sha256-AMXJgJ5ltj4+cVhZRz4P5gbyH6tS6r20YckqF1TJ4/s=",
        "owner": "nix-community",
        "repo": "fenix",
        "rev": "7cc719730a032c5592671785615f37951de6b202",
        "type": "github"
      },
      "original": {
        "owner": "nix-community",
        "repo": "fenix",
        "type": "github"
      }
    },
    "flake-utils": {
      "locked": {
        "lastModified": 1667395993,
        "narHash": "sha256-nuEHfE/LcWyuSWnS8t12N1wc105Qtau+/OdUAjtQ0rA=",
        "owner": "numtide",
        "repo": "flake-utils",
        "rev": "5aed5285a952e0b949eb3ba02c12fa4fcfef535f",
        "type": "github"
      },
      "original": {
        "owner": "numtide",
        "repo": "flake-utils",
        "type": "github"
      }
    },
    "nixpkgs": {
      "locked": {
        "lastModified": 1672756850,
        "narHash": "sha256-Smbq3+fitwA13qsTMeaaurv09/KVbZfW7m7lINwzDGA=",
        "owner": "nixos",
        "repo": "nixpkgs",
        "rev": "298add347c2bbce14020fcb54051f517c391196b",
        "type": "github"
      },
      "original": {
        "owner": "nixos",
        "ref": "nixpkgs-unstable",
        "repo": "nixpkgs",
        "type": "github"
      }
    },
    "root": {
      "inputs": {
        "fenix-flake": "fenix-flake",
        "flake-utils": "flake-utils",
        "nixpkgs": "nixpkgs"
      }
    },
    "rust-analyzer-src": {
      "flake": false,
      "locked": {
        "lastModified": 1672857514,
        "narHash": "sha256-zbsLi/SdbSYC0ewLpvGY8cSgn1Ty/Tfb6ParyZmhSdY=",
        "owner": "rust-lang",
        "repo": "rust-analyzer",
        "rev": "80cabf726068187d8686b5ccf37aac484da84904",
        "type": "github"
      },
      "original": {
        "owner": "rust-lang",
        "ref": "nightly",
        "repo": "rust-analyzer",
        "type": "github"
      }
    }
  },
  "root": "root",
  "version": 7
}
